// !$*UTF8*$!
{
	archiveVersion = 1;
	classes = {
	};
	objectVersion = 56;
	objects = {

/* Begin PBXBuildFile section */
		CD5931042B02A56E002E40E3 /* IngredientService.swift in Sources */ = {isa = PBXBuildFile; fileRef = CD5931032B02A56E002E40E3 /* IngredientService.swift */; };
		CD5931062B02A5CA002E40E3 /* Ingredient.swift in Sources */ = {isa = PBXBuildFile; fileRef = CD5931052B02A5CA002E40E3 /* Ingredient.swift */; };
		CD5931092B02C0E8002E40E3 /* CustomIngredientCell.swift in Sources */ = {isa = PBXBuildFile; fileRef = CD5931082B02C0E8002E40E3 /* CustomIngredientCell.swift */; };
		CD605E212AFD923100B55C78 /* AppDelegate.swift in Sources */ = {isa = PBXBuildFile; fileRef = CD605E202AFD923100B55C78 /* AppDelegate.swift */; };
		CD605E232AFD923100B55C78 /* SceneDelegate.swift in Sources */ = {isa = PBXBuildFile; fileRef = CD605E222AFD923100B55C78 /* SceneDelegate.swift */; };
		CD605E2A2AFD923200B55C78 /* Assets.xcassets in Resources */ = {isa = PBXBuildFile; fileRef = CD605E292AFD923200B55C78 /* Assets.xcassets */; };
		CD605E2D2AFD923200B55C78 /* LaunchScreen.storyboard in Resources */ = {isa = PBXBuildFile; fileRef = CD605E2B2AFD923200B55C78 /* LaunchScreen.storyboard */; };
		CD605E3D2AFDFC0000B55C78 /* SearchController.swift in Sources */ = {isa = PBXBuildFile; fileRef = CD605E3C2AFDFC0000B55C78 /* SearchController.swift */; };
		CD605E3F2AFDFC4700B55C78 /* FavoriteController.swift in Sources */ = {isa = PBXBuildFile; fileRef = CD605E3E2AFDFC4700B55C78 /* FavoriteController.swift */; };
		CD605E412AFDFF0000B55C78 /* SettingsController.swift in Sources */ = {isa = PBXBuildFile; fileRef = CD605E402AFDFF0000B55C78 /* SettingsController.swift */; };
		CD605E442AFE15E500B55C78 /* TabController.swift in Sources */ = {isa = PBXBuildFile; fileRef = CD605E432AFE15E500B55C78 /* TabController.swift */; };
/* End PBXBuildFile section */

/* Begin PBXFileReference section */
		CD5931032B02A56E002E40E3 /* IngredientService.swift */ = {isa = PBXFileReference; lastKnownFileType = sourcecode.swift; path = IngredientService.swift; sourceTree = "<group>"; };
		CD5931052B02A5CA002E40E3 /* Ingredient.swift */ = {isa = PBXFileReference; lastKnownFileType = sourcecode.swift; path = Ingredient.swift; sourceTree = "<group>"; };
		CD5931082B02C0E8002E40E3 /* CustomIngredientCell.swift */ = {isa = PBXFileReference; lastKnownFileType = sourcecode.swift; path = CustomIngredientCell.swift; sourceTree = "<group>"; };
		CD605E1D2AFD923100B55C78 /* Reciplease.app */ = {isa = PBXFileReference; explicitFileType = wrapper.application; includeInIndex = 0; path = Reciplease.app; sourceTree = BUILT_PRODUCTS_DIR; };
		CD605E202AFD923100B55C78 /* AppDelegate.swift */ = {isa = PBXFileReference; lastKnownFileType = sourcecode.swift; path = AppDelegate.swift; sourceTree = "<group>"; };
		CD605E222AFD923100B55C78 /* SceneDelegate.swift */ = {isa = PBXFileReference; lastKnownFileType = sourcecode.swift; path = SceneDelegate.swift; sourceTree = "<group>"; };
		CD605E292AFD923200B55C78 /* Assets.xcassets */ = {isa = PBXFileReference; lastKnownFileType = folder.assetcatalog; path = Assets.xcassets; sourceTree = "<group>"; };
		CD605E2C2AFD923200B55C78 /* Base */ = {isa = PBXFileReference; lastKnownFileType = file.storyboard; name = Base; path = Base.lproj/LaunchScreen.storyboard; sourceTree = "<group>"; };
		CD605E2E2AFD923200B55C78 /* Info.plist */ = {isa = PBXFileReference; lastKnownFileType = text.plist.xml; path = Info.plist; sourceTree = "<group>"; };
		CD605E3C2AFDFC0000B55C78 /* SearchController.swift */ = {isa = PBXFileReference; lastKnownFileType = sourcecode.swift; path = SearchController.swift; sourceTree = "<group>"; };
		CD605E3E2AFDFC4700B55C78 /* FavoriteController.swift */ = {isa = PBXFileReference; lastKnownFileType = sourcecode.swift; path = FavoriteController.swift; sourceTree = "<group>"; };
		CD605E402AFDFF0000B55C78 /* SettingsController.swift */ = {isa = PBXFileReference; lastKnownFileType = sourcecode.swift; path = SettingsController.swift; sourceTree = "<group>"; };
		CD605E432AFE15E500B55C78 /* TabController.swift */ = {isa = PBXFileReference; lastKnownFileType = sourcecode.swift; path = TabController.swift; sourceTree = "<group>"; };
/* End PBXFileReference section */

/* Begin PBXFrameworksBuildPhase section */
		CD605E1A2AFD923100B55C78 /* Frameworks */ = {
			isa = PBXFrameworksBuildPhase;
			buildActionMask = 2147483647;
			files = (
			);
			runOnlyForDeploymentPostprocessing = 0;
		};
/* End PBXFrameworksBuildPhase section */

/* Begin PBXGroup section */
		CD5931072B02C0D8002E40E3 /* Cell */ = {
			isa = PBXGroup;
			children = (
				CD5931082B02C0E8002E40E3 /* CustomIngredientCell.swift */,
			);
			path = Cell;
			sourceTree = "<group>";
		};
		CD605E142AFD923100B55C78 = {
			isa = PBXGroup;
			children = (
				CD605E342AFD92BC00B55C78 /* SupportingFiles */,
				CD605E352AFD92C400B55C78 /* Ressources */,
				CD605E362AFD92CC00B55C78 /* Sources */,
				CD605E1E2AFD923100B55C78 /* Products */,
			);
			sourceTree = "<group>";
		};
		CD605E1E2AFD923100B55C78 /* Products */ = {
			isa = PBXGroup;
			children = (
				CD605E1D2AFD923100B55C78 /* Reciplease.app */,
			);
			name = Products;
			sourceTree = "<group>";
		};
		CD605E1F2AFD923100B55C78 /* Reciplease */ = {
			isa = PBXGroup;
			children = (
				CD605E382AFD95DE00B55C78 /* Controller */,
				CD605E392AFD95E400B55C78 /* Models */,
				CD605E202AFD923100B55C78 /* AppDelegate.swift */,
				CD605E222AFD923100B55C78 /* SceneDelegate.swift */,
			);
			path = Reciplease;
			sourceTree = "<group>";
		};
		CD605E342AFD92BC00B55C78 /* SupportingFiles */ = {
			isa = PBXGroup;
			children = (
				CD605E2E2AFD923200B55C78 /* Info.plist */,
			);
			path = SupportingFiles;
			sourceTree = "<group>";
		};
		CD605E352AFD92C400B55C78 /* Ressources */ = {
			isa = PBXGroup;
			children = (
				CD605E292AFD923200B55C78 /* Assets.xcassets */,
			);
			path = Ressources;
			sourceTree = "<group>";
		};
		CD605E362AFD92CC00B55C78 /* Sources */ = {
			isa = PBXGroup;
			children = (
				CD605E1F2AFD923100B55C78 /* Reciplease */,
				CD605E372AFD931900B55C78 /* Views */,
			);
			path = Sources;
			sourceTree = "<group>";
		};
		CD605E372AFD931900B55C78 /* Views */ = {
			isa = PBXGroup;
			children = (
				CD5931072B02C0D8002E40E3 /* Cell */,
				CD605E2B2AFD923200B55C78 /* LaunchScreen.storyboard */,
			);
			path = Views;
			sourceTree = "<group>";
		};
		CD605E382AFD95DE00B55C78 /* Controller */ = {
			isa = PBXGroup;
			children = (
				CD605E3C2AFDFC0000B55C78 /* SearchController.swift */,
				CD605E3E2AFDFC4700B55C78 /* FavoriteController.swift */,
				CD605E402AFDFF0000B55C78 /* SettingsController.swift */,
				CD605E432AFE15E500B55C78 /* TabController.swift */,
			);
			path = Controller;
			sourceTree = "<group>";
		};
		CD605E392AFD95E400B55C78 /* Models */ = {
			isa = PBXGroup;
			children = (
				CD5931032B02A56E002E40E3 /* IngredientService.swift */,
				CD5931052B02A5CA002E40E3 /* Ingredient.swift */,
			);
			path = Models;
			sourceTree = "<group>";
		};
/* End PBXGroup section */

/* Begin PBXNativeTarget section */
		CD605E1C2AFD923100B55C78 /* Reciplease */ = {
			isa = PBXNativeTarget;
			buildConfigurationList = CD605E312AFD923200B55C78 /* Build configuration list for PBXNativeTarget "Reciplease" */;
			buildPhases = (
				CD605E192AFD923100B55C78 /* Sources */,
				CD605E1A2AFD923100B55C78 /* Frameworks */,
				CD605E1B2AFD923100B55C78 /* Resources */,
			);
			buildRules = (
			);
			dependencies = (
			);
			name = Reciplease;
			productName = Reciplease;
			productReference = CD605E1D2AFD923100B55C78 /* Reciplease.app */;
			productType = "com.apple.product-type.application";
		};
/* End PBXNativeTarget section */

/* Begin PBXProject section */
		CD605E152AFD923100B55C78 /* Project object */ = {
			isa = PBXProject;
			attributes = {
				BuildIndependentTargetsInParallel = 1;
				LastSwiftUpdateCheck = 1410;
				LastUpgradeCheck = 1410;
				TargetAttributes = {
					CD605E1C2AFD923100B55C78 = {
						CreatedOnToolsVersion = 14.1;
					};
				};
			};
			buildConfigurationList = CD605E182AFD923100B55C78 /* Build configuration list for PBXProject "Reciplease" */;
			compatibilityVersion = "Xcode 14.0";
			developmentRegion = en;
			hasScannedForEncodings = 0;
			knownRegions = (
				en,
				Base,
			);
			mainGroup = CD605E142AFD923100B55C78;
			productRefGroup = CD605E1E2AFD923100B55C78 /* Products */;
			projectDirPath = "";
			projectRoot = "";
			targets = (
				CD605E1C2AFD923100B55C78 /* Reciplease */,
			);
		};
/* End PBXProject section */

/* Begin PBXResourcesBuildPhase section */
		CD605E1B2AFD923100B55C78 /* Resources */ = {
			isa = PBXResourcesBuildPhase;
			buildActionMask = 2147483647;
			files = (
				CD605E2D2AFD923200B55C78 /* LaunchScreen.storyboard in Resources */,
				CD605E2A2AFD923200B55C78 /* Assets.xcassets in Resources */,
			);
			runOnlyForDeploymentPostprocessing = 0;
		};
/* End PBXResourcesBuildPhase section */

/* Begin PBXSourcesBuildPhase section */
		CD605E192AFD923100B55C78 /* Sources */ = {
			isa = PBXSourcesBuildPhase;
			buildActionMask = 2147483647;
			files = (
				CD5931092B02C0E8002E40E3 /* CustomIngredientCell.swift in Sources */,
				CD605E3D2AFDFC0000B55C78 /* SearchController.swift in Sources */,
				CD605E442AFE15E500B55C78 /* TabController.swift in Sources */,
				CD605E412AFDFF0000B55C78 /* SettingsController.swift in Sources */,
				CD605E212AFD923100B55C78 /* AppDelegate.swift in Sources */,
				CD605E232AFD923100B55C78 /* SceneDelegate.swift in Sources */,
				CD5931062B02A5CA002E40E3 /* Ingredient.swift in Sources */,
				CD5931042B02A56E002E40E3 /* IngredientService.swift in Sources */,
				CD605E3F2AFDFC4700B55C78 /* FavoriteController.swift in Sources */,
			);
			runOnlyForDeploymentPostprocessing = 0;
		};
/* End PBXSourcesBuildPhase section */

/* Begin PBXVariantGroup section */
		CD605E2B2AFD923200B55C78 /* LaunchScreen.storyboard */ = {
			isa = PBXVariantGroup;
			children = (
				CD605E2C2AFD923200B55C78 /* Base */,
			);
			name = LaunchScreen.storyboard;
			sourceTree = "<group>";
		};
/* End PBXVariantGroup section */

/* Begin XCBuildConfiguration section */
		CD605E2F2AFD923200B55C78 /* Debug */ = {
			isa = XCBuildConfiguration;
			buildSettings = {
				ALWAYS_SEARCH_USER_PATHS = NO;
				CLANG_ANALYZER_NONNULL = YES;
				CLANG_ANALYZER_NUMBER_OBJECT_CONVERSION = YES_AGGRESSIVE;
				CLANG_CXX_LANGUAGE_STANDARD = "gnu++20";
				CLANG_ENABLE_MODULES = YES;
				CLANG_ENABLE_OBJC_ARC = YES;
				CLANG_ENABLE_OBJC_WEAK = YES;
				CLANG_WARN_BLOCK_CAPTURE_AUTORELEASING = YES;
				CLANG_WARN_BOOL_CONVERSION = YES;
				CLANG_WARN_COMMA = YES;
				CLANG_WARN_CONSTANT_CONVERSION = YES;
				CLANG_WARN_DEPRECATED_OBJC_IMPLEMENTATIONS = YES;
				CLANG_WARN_DIRECT_OBJC_ISA_USAGE = YES_ERROR;
				CLANG_WARN_DOCUMENTATION_COMMENTS = YES;
				CLANG_WARN_EMPTY_BODY = YES;
				CLANG_WARN_ENUM_CONVERSION = YES;
				CLANG_WARN_INFINITE_RECURSION = YES;
				CLANG_WARN_INT_CONVERSION = YES;
				CLANG_WARN_NON_LITERAL_NULL_CONVERSION = YES;
				CLANG_WARN_OBJC_IMPLICIT_RETAIN_SELF = YES;
				CLANG_WARN_OBJC_LITERAL_CONVERSION = YES;
				CLANG_WARN_OBJC_ROOT_CLASS = YES_ERROR;
				CLANG_WARN_QUOTED_INCLUDE_IN_FRAMEWORK_HEADER = YES;
				CLANG_WARN_RANGE_LOOP_ANALYSIS = YES;
				CLANG_WARN_STRICT_PROTOTYPES = YES;
				CLANG_WARN_SUSPICIOUS_MOVE = YES;
				CLANG_WARN_UNGUARDED_AVAILABILITY = YES_AGGRESSIVE;
				CLANG_WARN_UNREACHABLE_CODE = YES;
				CLANG_WARN__DUPLICATE_METHOD_MATCH = YES;
				COPY_PHASE_STRIP = NO;
				DEBUG_INFORMATION_FORMAT = dwarf;
				ENABLE_STRICT_OBJC_MSGSEND = YES;
				ENABLE_TESTABILITY = YES;
				GCC_C_LANGUAGE_STANDARD = gnu11;
				GCC_DYNAMIC_NO_PIC = NO;
				GCC_NO_COMMON_BLOCKS = YES;
				GCC_OPTIMIZATION_LEVEL = 0;
				GCC_PREPROCESSOR_DEFINITIONS = (
					"DEBUG=1",
					"$(inherited)",
				);
				GCC_WARN_64_TO_32_BIT_CONVERSION = YES;
				GCC_WARN_ABOUT_RETURN_TYPE = YES_ERROR;
				GCC_WARN_UNDECLARED_SELECTOR = YES;
				GCC_WARN_UNINITIALIZED_AUTOS = YES_AGGRESSIVE;
				GCC_WARN_UNUSED_FUNCTION = YES;
				GCC_WARN_UNUSED_VARIABLE = YES;
				IPHONEOS_DEPLOYMENT_TARGET = 15.0;
				MTL_ENABLE_DEBUG_INFO = INCLUDE_SOURCE;
				MTL_FAST_MATH = YES;
				ONLY_ACTIVE_ARCH = YES;
				SDKROOT = iphoneos;
				SWIFT_ACTIVE_COMPILATION_CONDITIONS = DEBUG;
				SWIFT_OPTIMIZATION_LEVEL = "-Onone";
			};
			name = Debug;
		};
		CD605E302AFD923200B55C78 /* Release */ = {
			isa = XCBuildConfiguration;
			buildSettings = {
				ALWAYS_SEARCH_USER_PATHS = NO;
				CLANG_ANALYZER_NONNULL = YES;
				CLANG_ANALYZER_NUMBER_OBJECT_CONVERSION = YES_AGGRESSIVE;
				CLANG_CXX_LANGUAGE_STANDARD = "gnu++20";
				CLANG_ENABLE_MODULES = YES;
				CLANG_ENABLE_OBJC_ARC = YES;
				CLANG_ENABLE_OBJC_WEAK = YES;
				CLANG_WARN_BLOCK_CAPTURE_AUTORELEASING = YES;
				CLANG_WARN_BOOL_CONVERSION = YES;
				CLANG_WARN_COMMA = YES;
				CLANG_WARN_CONSTANT_CONVERSION = YES;
				CLANG_WARN_DEPRECATED_OBJC_IMPLEMENTATIONS = YES;
				CLANG_WARN_DIRECT_OBJC_ISA_USAGE = YES_ERROR;
				CLANG_WARN_DOCUMENTATION_COMMENTS = YES;
				CLANG_WARN_EMPTY_BODY = YES;
				CLANG_WARN_ENUM_CONVERSION = YES;
				CLANG_WARN_INFINITE_RECURSION = YES;
				CLANG_WARN_INT_CONVERSION = YES;
				CLANG_WARN_NON_LITERAL_NULL_CONVERSION = YES;
				CLANG_WARN_OBJC_IMPLICIT_RETAIN_SELF = YES;
				CLANG_WARN_OBJC_LITERAL_CONVERSION = YES;
				CLANG_WARN_OBJC_ROOT_CLASS = YES_ERROR;
				CLANG_WARN_QUOTED_INCLUDE_IN_FRAMEWORK_HEADER = YES;
				CLANG_WARN_RANGE_LOOP_ANALYSIS = YES;
				CLANG_WARN_STRICT_PROTOTYPES = YES;
				CLANG_WARN_SUSPICIOUS_MOVE = YES;
				CLANG_WARN_UNGUARDED_AVAILABILITY = YES_AGGRESSIVE;
				CLANG_WARN_UNREACHABLE_CODE = YES;
				CLANG_WARN__DUPLICATE_METHOD_MATCH = YES;
				COPY_PHASE_STRIP = NO;
				DEBUG_INFORMATION_FORMAT = "dwarf-with-dsym";
				ENABLE_NS_ASSERTIONS = NO;
				ENABLE_STRICT_OBJC_MSGSEND = YES;
				GCC_C_LANGUAGE_STANDARD = gnu11;
				GCC_NO_COMMON_BLOCKS = YES;
				GCC_WARN_64_TO_32_BIT_CONVERSION = YES;
				GCC_WARN_ABOUT_RETURN_TYPE = YES_ERROR;
				GCC_WARN_UNDECLARED_SELECTOR = YES;
				GCC_WARN_UNINITIALIZED_AUTOS = YES_AGGRESSIVE;
				GCC_WARN_UNUSED_FUNCTION = YES;
				GCC_WARN_UNUSED_VARIABLE = YES;
				IPHONEOS_DEPLOYMENT_TARGET = 15.0;
				MTL_ENABLE_DEBUG_INFO = NO;
				MTL_FAST_MATH = YES;
				SDKROOT = iphoneos;
				SWIFT_COMPILATION_MODE = wholemodule;
				SWIFT_OPTIMIZATION_LEVEL = "-O";
				VALIDATE_PRODUCT = YES;
			};
			name = Release;
		};
		CD605E322AFD923200B55C78 /* Debug */ = {
			isa = XCBuildConfiguration;
			buildSettings = {
				ASSETCATALOG_COMPILER_APPICON_NAME = AppIcon;
				ASSETCATALOG_COMPILER_GLOBAL_ACCENT_COLOR_NAME = AccentColor;
				CODE_SIGN_STYLE = Automatic;
				CURRENT_PROJECT_VERSION = 1;
				GENERATE_INFOPLIST_FILE = YES;
				INFOPLIST_FILE = /Users/kenton/Documents/Reciplease/Reciplease/Reciplease/SupportingFiles/Info.plist;
				INFOPLIST_KEY_UIApplicationSupportsIndirectInputEvents = YES;
				INFOPLIST_KEY_UILaunchStoryboardName = LaunchScreen;
				INFOPLIST_KEY_UISupportedInterfaceOrientations = UIInterfaceOrientationPortrait;
				IPHONEOS_DEPLOYMENT_TARGET = 15.0;
				LD_RUNPATH_SEARCH_PATHS = (
					"$(inherited)",
					"@executable_path/Frameworks",
				);
				MARKETING_VERSION = 1.0;
				PRODUCT_BUNDLE_IDENTIFIER = com.openclassrooms.Reciplease;
				PRODUCT_NAME = "$(TARGET_NAME)";
				SWIFT_EMIT_LOC_STRINGS = YES;
				SWIFT_VERSION = 5.0;
				TARGETED_DEVICE_FAMILY = "1,2";
			};
			name = Debug;
		};
		CD605E332AFD923200B55C78 /* Release */ = {
			isa = XCBuildConfiguration;
			buildSettings = {
				ASSETCATALOG_COMPILER_APPICON_NAME = AppIcon;
				ASSETCATALOG_COMPILER_GLOBAL_ACCENT_COLOR_NAME = AccentColor;
				CODE_SIGN_STYLE = Automatic;
				CURRENT_PROJECT_VERSION = 1;
				GENERATE_INFOPLIST_FILE = YES;
				INFOPLIST_FILE = /Users/kenton/Documents/Reciplease/Reciplease/Reciplease/SupportingFiles/Info.plist;
				INFOPLIST_KEY_UIApplicationSupportsIndirectInputEvents = YES;
				INFOPLIST_KEY_UILaunchStoryboardName = LaunchScreen;
				INFOPLIST_KEY_UISupportedInterfaceOrientations = UIInterfaceOrientationPortrait;
				IPHONEOS_DEPLOYMENT_TARGET = 15.0;
				LD_RUNPATH_SEARCH_PATHS = (
					"$(inherited)",
					"@executable_path/Frameworks",
				);
				MARKETING_VERSION = 1.0;
				PRODUCT_BUNDLE_IDENTIFIER = com.openclassrooms.Reciplease;
				PRODUCT_NAME = "$(TARGET_NAME)";
				SWIFT_EMIT_LOC_STRINGS = YES;
				SWIFT_VERSION = 5.0;
				TARGETED_DEVICE_FAMILY = "1,2";
			};
			name = Release;
		};
/* End XCBuildConfiguration section */

/* Begin XCConfigurationList section */
		CD605E182AFD923100B55C78 /* Build configuration list for PBXProject "Reciplease" */ = {
			isa = XCConfigurationList;
			buildConfigurations = (
				CD605E2F2AFD923200B55C78 /* Debug */,
				CD605E302AFD923200B55C78 /* Release */,
			);
			defaultConfigurationIsVisible = 0;
			defaultConfigurationName = Release;
		};
		CD605E312AFD923200B55C78 /* Build configuration list for PBXNativeTarget "Reciplease" */ = {
			isa = XCConfigurationList;
			buildConfigurations = (
				CD605E322AFD923200B55C78 /* Debug */,
				CD605E332AFD923200B55C78 /* Release */,
			);
			defaultConfigurationIsVisible = 0;
			defaultConfigurationName = Release;
		};
/* End XCConfigurationList section */
	};
	rootObject = CD605E152AFD923100B55C78 /* Project object */;
}
